
Microsoft Visual Studio Solution File, Format Version 12.00
# Visual Studio Version 17
VisualStudioVersion = 17.13.36105.23 d17.13
MinimumVisualStudioVersion = 10.0.40219.1
Project("{2150E333-8FDC-42A3-9474-1A3956D46DE8}") = "Src", "Src", "{02EA681E-C7D8-13C7-8484-4AC65E1B71E8}"
EndProject
Project("{2150E333-8FDC-42A3-9474-1A3956D46DE8}") = "Api", "Api", "{1B7FC96D-48CD-48C2-AA8B-51C9D07ACD26}"
EndProject
Project("{2150E333-8FDC-42A3-9474-1A3956D46DE8}") = "Core", "Core", "{FC3968E8-519B-4714-BCFC-025C7241C9A1}"
EndProject
Project("{2150E333-8FDC-42A3-9474-1A3956D46DE8}") = "Infra", "Infra", "{BC72FBD5-CD5D-49E3-A3B9-7D3ABFF4DBC8}"
EndProject
Project("{FAE04EC0-301F-11D3-BF4B-00C04F79EFBC}") = "SYSRENT.API", "SYSRENT.API\SYSRENT.API.csproj", "{39945D2F-6370-426F-867A-D8F1C9290897}"
EndProject
Project("{FAE04EC0-301F-11D3-BF4B-00C04F79EFBC}") = "SYSRENT.Application", "SYSRENT.Application\SYSRENT.Application.csproj", "{BE8AEAF6-0AF8-4427-ABAC-6160234F9C7C}"
EndProject
Project("{FAE04EC0-301F-11D3-BF4B-00C04F79EFBC}") = "SYSRENT.Domain", "SYSRENT.Domain\SYSRENT.Domain.csproj", "{AED1C829-FA6F-4280-B999-39E6B6B532CE}"
EndProject
Project("{FAE04EC0-301F-11D3-BF4B-00C04F79EFBC}") = "SYSRENT.Infrastructure", "SYSRENT.Infrastructure\SYSRENT.Infrastructure.csproj", "{75236A6B-A7E8-4A1E-B303-B327808D05F8}"
EndProject
Global
	GlobalSection(SolutionConfigurationPlatforms) = preSolution
		Debug|Any CPU = Debug|Any CPU
		Release|Any CPU = Release|Any CPU
	EndGlobalSection
	GlobalSection(ProjectConfigurationPlatforms) = postSolution
		{39945D2F-6370-426F-867A-D8F1C9290897}.Debug|Any CPU.ActiveCfg = Debug|Any CPU
		{39945D2F-6370-426F-867A-D8F1C9290897}.Debug|Any CPU.Build.0 = Debug|Any CPU
		{39945D2F-6370-426F-867A-D8F1C9290897}.Release|Any CPU.ActiveCfg = Release|Any CPU
		{39945D2F-6370-426F-867A-D8F1C9290897}.Release|Any CPU.Build.0 = Release|Any CPU
		{BE8AEAF6-0AF8-4427-ABAC-6160234F9C7C}.Debug|Any CPU.ActiveCfg = Debug|Any CPU
		{BE8AEAF6-0AF8-4427-ABAC-6160234F9C7C}.Debug|Any CPU.Build.0 = Debug|Any CPU
		{BE8AEAF6-0AF8-4427-ABAC-6160234F9C7C}.Release|Any CPU.ActiveCfg = Release|Any CPU
		{BE8AEAF6-0AF8-4427-ABAC-6160234F9C7C}.Release|Any CPU.Build.0 = Release|Any CPU
		{AED1C829-FA6F-4280-B999-39E6B6B532CE}.Debug|Any CPU.ActiveCfg = Debug|Any CPU
		{AED1C829-FA6F-4280-B999-39E6B6B532CE}.Debug|Any CPU.Build.0 = Debug|Any CPU
		{AED1C829-FA6F-4280-B999-39E6B6B532CE}.Release|Any CPU.ActiveCfg = Release|Any CPU
		{AED1C829-FA6F-4280-B999-39E6B6B532CE}.Release|Any CPU.Build.0 = Release|Any CPU
		{75236A6B-A7E8-4A1E-B303-B327808D05F8}.Debug|Any CPU.ActiveCfg = Debug|Any CPU
		{75236A6B-A7E8-4A1E-B303-B327808D05F8}.Debug|Any CPU.Build.0 = Debug|Any CPU
		{75236A6B-A7E8-4A1E-B303-B327808D05F8}.Release|Any CPU.ActiveCfg = Release|Any CPU
		{75236A6B-A7E8-4A1E-B303-B327808D05F8}.Release|Any CPU.Build.0 = Release|Any CPU
	EndGlobalSection
	GlobalSection(SolutionProperties) = preSolution
		HideSolutionNode = FALSE
	EndGlobalSection
	GlobalSection(NestedProjects) = preSolution
		{1B7FC96D-48CD-48C2-AA8B-51C9D07ACD26} = {02EA681E-C7D8-13C7-8484-4AC65E1B71E8}
		{FC3968E8-519B-4714-BCFC-025C7241C9A1} = {02EA681E-C7D8-13C7-8484-4AC65E1B71E8}
		{BC72FBD5-CD5D-49E3-A3B9-7D3ABFF4DBC8} = {02EA681E-C7D8-13C7-8484-4AC65E1B71E8}
		{39945D2F-6370-426F-867A-D8F1C9290897} = {1B7FC96D-48CD-48C2-AA8B-51C9D07ACD26}
		{BE8AEAF6-0AF8-4427-ABAC-6160234F9C7C} = {FC3968E8-519B-4714-BCFC-025C7241C9A1}
		{AED1C829-FA6F-4280-B999-39E6B6B532CE} = {FC3968E8-519B-4714-BCFC-025C7241C9A1}
		{75236A6B-A7E8-4A1E-B303-B327808D05F8} = {BC72FBD5-CD5D-49E3-A3B9-7D3ABFF4DBC8}
	EndGlobalSection
	GlobalSection(ExtensibilityGlobals) = postSolution
		SolutionGuid = {0FBEB8C2-EC13-47EB-88A2-DE2396A987E5}
	EndGlobalSection
EndGlobal
